
Microsoft Visual Studio Solution File, Format Version 12.00
# Visual Studio Version 17
VisualStudioVersion = 17.10.34916.146
MinimumVisualStudioVersion = 10.0.40219.1
Project("{8BC9CEB8-8B4A-11D0-8D11-00A0C91BC942}") = "projekt-md-SHA1", "projekt-md-SHA1.vcxproj", "{D92CE351-D412-4F18-924E-18394D51645F}"
EndProject
Global
	GlobalSection(SolutionConfigurationPlatforms) = preSolution
		Debug|x64 = Debug|x64
		Debug|x86 = Debug|x86
		Release|x64 = Release|x64
		Release|x86 = Release|x86
	EndGlobalSection
	GlobalSection(ProjectConfigurationPlatforms) = postSolution
		{D92CE351-D412-4F18-924E-18394D51645F}.Debug|x64.ActiveCfg = Debug|x64
		{D92CE351-D412-4F18-924E-18394D51645F}.Debug|x64.Build.0 = Debug|x64
		{D92CE351-D412-4F18-924E-18394D51645F}.Debug|x86.ActiveCfg = Debug|Win32
		{D92CE351-D412-4F18-924E-18394D51645F}.Debug|x86.Build.0 = Debug|Win32
		{D92CE351-D412-4F18-924E-18394D51645F}.Release|x64.ActiveCfg = Release|x64
		{D92CE351-D412-4F18-924E-18394D51645F}.Release|x64.Build.0 = Release|x64
		{D92CE351-D412-4F18-924E-18394D51645F}.Release|x86.ActiveCfg = Release|Win32
		{D92CE351-D412-4F18-924E-18394D51645F}.Release|x86.Build.0 = Release|Win32
	EndGlobalSection
	GlobalSection(SolutionProperties) = preSolution
		HideSolutionNode = FALSE
	EndGlobalSection
	GlobalSection(ExtensibilityGlobals) = postSolution
		SolutionGuid = {EABC9ED9-B38D-43E1-B6F9-96D2A37338D5}
	EndGlobalSection
EndGlobal
